
Microsoft Visual Studio Solution File, Format Version 12.00
# Visual Studio Version 17
VisualStudioVersion = 17.5.002.0
MinimumVisualStudioVersion = 10.0.40219.1
Project("{2150E333-8FDC-42A3-9474-1A3956D46DE8}") = "sandbox", "sandbox", "{EDF10E31-E23A-4337-A14F-780EF7542E1D}"
EndProject
Project("{9A19103F-16F7-4668-BE54-9A1E7A4F7556}") = "sandbox_project", "sandbox\sandbox_project\sandbox_project.csproj", "{C843BCED-1D03-483D-B0ED-AF587AEC2DF0}"
EndProject
Project("{2150E333-8FDC-42A3-9474-1A3956D46DE8}") = "week01", "week01", "{D1F3E880-791C-4297-BB15-AC31646BD583}"
EndProject
Project("{9A19103F-16F7-4668-BE54-9A1E7A4F7556}") = "analyze", "week01\analyze\analyze.csproj", "{B6540DA6-8039-4C74-8F81-ECD940FA215B}"
EndProject
Project("{9A19103F-16F7-4668-BE54-9A1E7A4F7556}") = "code", "week01\code\code.csproj", "{8251508D-6292-482E-B7B5-A3110B84E569}"
EndProject
Project("{9A19103F-16F7-4668-BE54-9A1E7A4F7556}") = "teach", "week01\teach\teach.csproj", "{8265E88A-91EF-4854-A4EB-E41D69E8230D}"
EndProject
Project("{2150E333-8FDC-42A3-9474-1A3956D46DE8}") = "week02", "week02", "{93D9383A-186F-4A3C-9B65-141E3C423445}"
EndProject
Project("{9A19103F-16F7-4668-BE54-9A1E7A4F7556}") = "analyze", "week02\analyze\analyze.csproj", "{4161E523-8891-4361-9A95-FD0320E7D961}"
EndProject
Project("{9A19103F-16F7-4668-BE54-9A1E7A4F7556}") = "code", "week02\code\code.csproj", "{9E85CD19-3948-4FF5-80CC-0FF0E6E0D731}"
EndProject
Project("{9A19103F-16F7-4668-BE54-9A1E7A4F7556}") = "learn", "week02\learn\learn.csproj", "{174FE7E9-8BC9-4D63-A607-998D1540A5CE}"
EndProject
Project("{9A19103F-16F7-4668-BE54-9A1E7A4F7556}") = "teach", "week02\teach\teach.csproj", "{2FB341A3-DA3B-443B-8DF4-A5575ABA678C}"
EndProject
Project("{2150E333-8FDC-42A3-9474-1A3956D46DE8}") = "week03", "week03", "{B8D055B3-27E1-4222-9148-C8C9AA3DFD42}"
EndProject
Project("{9A19103F-16F7-4668-BE54-9A1E7A4F7556}") = "code", "week03\code\code.csproj", "{11BD4260-CA4C-44BC-AF44-D58D8817EDE6}"
EndProject
Project("{9A19103F-16F7-4668-BE54-9A1E7A4F7556}") = "learn", "week03\learn\learn.csproj", "{29823DE1-ADED-41DE-B44B-E3EACB857769}"
EndProject
Project("{9A19103F-16F7-4668-BE54-9A1E7A4F7556}") = "teach", "week03\teach\teach.csproj", "{7D15A0A9-976B-4F8A-850D-58DB6AFD0B2F}"
EndProject
Project("{2150E333-8FDC-42A3-9474-1A3956D46DE8}") = "week04", "week04", "{732BC62E-4CD4-4827-B875-7621782AEBC5}"
EndProject
Project("{9A19103F-16F7-4668-BE54-9A1E7A4F7556}") = "code", "week04\code\code.csproj", "{F454A420-A37E-4F26-9C29-341C1676AAC7}"
EndProject
Project("{2150E333-8FDC-42A3-9474-1A3956D46DE8}") = "week05", "week05", "{5D8DE9E1-628D-4A6B-8640-31CB66804165}"
EndProject
Project("{9A19103F-16F7-4668-BE54-9A1E7A4F7556}") = "code", "week05\code\code.csproj", "{FA73CFDA-0799-4B4B-BA2A-B234BC6416B2}"
EndProject
Project("{2150E333-8FDC-42A3-9474-1A3956D46DE8}") = "week06", "week06", "{DE934228-9417-4C28-BB04-8C5F5453031D}"
EndProject
Project("{9A19103F-16F7-4668-BE54-9A1E7A4F7556}") = "code", "week06\code\code.csproj", "{BAB19ED1-BFD2-4719-81B5-E7B951B9009A}"
EndProject
Global
	GlobalSection(SolutionConfigurationPlatforms) = preSolution
		Debug|Any CPU = Debug|Any CPU
		Release|Any CPU = Release|Any CPU
	EndGlobalSection
	GlobalSection(ProjectConfigurationPlatforms) = postSolution
		{C843BCED-1D03-483D-B0ED-AF587AEC2DF0}.Debug|Any CPU.ActiveCfg = Debug|Any CPU
		{C843BCED-1D03-483D-B0ED-AF587AEC2DF0}.Debug|Any CPU.Build.0 = Debug|Any CPU
		{C843BCED-1D03-483D-B0ED-AF587AEC2DF0}.Release|Any CPU.ActiveCfg = Release|Any CPU
		{C843BCED-1D03-483D-B0ED-AF587AEC2DF0}.Release|Any CPU.Build.0 = Release|Any CPU
		{B6540DA6-8039-4C74-8F81-ECD940FA215B}.Debug|Any CPU.ActiveCfg = Debug|Any CPU
		{B6540DA6-8039-4C74-8F81-ECD940FA215B}.Debug|Any CPU.Build.0 = Debug|Any CPU
		{B6540DA6-8039-4C74-8F81-ECD940FA215B}.Release|Any CPU.ActiveCfg = Release|Any CPU
		{B6540DA6-8039-4C74-8F81-ECD940FA215B}.Release|Any CPU.Build.0 = Release|Any CPU
		{8251508D-6292-482E-B7B5-A3110B84E569}.Debug|Any CPU.ActiveCfg = Debug|Any CPU
		{8251508D-6292-482E-B7B5-A3110B84E569}.Debug|Any CPU.Build.0 = Debug|Any CPU
		{8251508D-6292-482E-B7B5-A3110B84E569}.Release|Any CPU.ActiveCfg = Release|Any CPU
		{8251508D-6292-482E-B7B5-A3110B84E569}.Release|Any CPU.Build.0 = Release|Any CPU
		{8265E88A-91EF-4854-A4EB-E41D69E8230D}.Debug|Any CPU.ActiveCfg = Debug|Any CPU
		{8265E88A-91EF-4854-A4EB-E41D69E8230D}.Debug|Any CPU.Build.0 = Debug|Any CPU
		{8265E88A-91EF-4854-A4EB-E41D69E8230D}.Release|Any CPU.ActiveCfg = Release|Any CPU
		{8265E88A-91EF-4854-A4EB-E41D69E8230D}.Release|Any CPU.Build.0 = Release|Any CPU
		{4161E523-8891-4361-9A95-FD0320E7D961}.Debug|Any CPU.ActiveCfg = Debug|Any CPU
		{4161E523-8891-4361-9A95-FD0320E7D961}.Debug|Any CPU.Build.0 = Debug|Any CPU
		{4161E523-8891-4361-9A95-FD0320E7D961}.Release|Any CPU.ActiveCfg = Release|Any CPU
		{4161E523-8891-4361-9A95-FD0320E7D961}.Release|Any CPU.Build.0 = Release|Any CPU
		{9E85CD19-3948-4FF5-80CC-0FF0E6E0D731}.Debug|Any CPU.ActiveCfg = Debug|Any CPU
		{9E85CD19-3948-4FF5-80CC-0FF0E6E0D731}.Debug|Any CPU.Build.0 = Debug|Any CPU
		{9E85CD19-3948-4FF5-80CC-0FF0E6E0D731}.Release|Any CPU.ActiveCfg = Release|Any CPU
		{9E85CD19-3948-4FF5-80CC-0FF0E6E0D731}.Release|Any CPU.Build.0 = Release|Any CPU
		{174FE7E9-8BC9-4D63-A607-998D1540A5CE}.Debug|Any CPU.ActiveCfg = Debug|Any CPU
		{174FE7E9-8BC9-4D63-A607-998D1540A5CE}.Debug|Any CPU.Build.0 = Debug|Any CPU
		{174FE7E9-8BC9-4D63-A607-998D1540A5CE}.Release|Any CPU.ActiveCfg = Release|Any CPU
		{174FE7E9-8BC9-4D63-A607-998D1540A5CE}.Release|Any CPU.Build.0 = Release|Any CPU
		{2FB341A3-DA3B-443B-8DF4-A5575ABA678C}.Debug|Any CPU.ActiveCfg = Debug|Any CPU
		{2FB341A3-DA3B-443B-8DF4-A5575ABA678C}.Debug|Any CPU.Build.0 = Debug|Any CPU
		{2FB341A3-DA3B-443B-8DF4-A5575ABA678C}.Release|Any CPU.ActiveCfg = Release|Any CPU
		{2FB341A3-DA3B-443B-8DF4-A5575ABA678C}.Release|Any CPU.Build.0 = Release|Any CPU
		{11BD4260-CA4C-44BC-AF44-D58D8817EDE6}.Debug|Any CPU.ActiveCfg = Debug|Any CPU
		{11BD4260-CA4C-44BC-AF44-D58D8817EDE6}.Debug|Any CPU.Build.0 = Debug|Any CPU
		{11BD4260-CA4C-44BC-AF44-D58D8817EDE6}.Release|Any CPU.ActiveCfg = Release|Any CPU
		{11BD4260-CA4C-44BC-AF44-D58D8817EDE6}.Release|Any CPU.Build.0 = Release|Any CPU
		{29823DE1-ADED-41DE-B44B-E3EACB857769}.Debug|Any CPU.ActiveCfg = Debug|Any CPU
		{29823DE1-ADED-41DE-B44B-E3EACB857769}.Debug|Any CPU.Build.0 = Debug|Any CPU
		{29823DE1-ADED-41DE-B44B-E3EACB857769}.Release|Any CPU.ActiveCfg = Release|Any CPU
		{29823DE1-ADED-41DE-B44B-E3EACB857769}.Release|Any CPU.Build.0 = Release|Any CPU
		{7D15A0A9-976B-4F8A-850D-58DB6AFD0B2F}.Debug|Any CPU.ActiveCfg = Debug|Any CPU
		{7D15A0A9-976B-4F8A-850D-58DB6AFD0B2F}.Debug|Any CPU.Build.0 = Debug|Any CPU
		{7D15A0A9-976B-4F8A-850D-58DB6AFD0B2F}.Release|Any CPU.ActiveCfg = Release|Any CPU
		{7D15A0A9-976B-4F8A-850D-58DB6AFD0B2F}.Release|Any CPU.Build.0 = Release|Any CPU
		{F454A420-A37E-4F26-9C29-341C1676AAC7}.Debug|Any CPU.ActiveCfg = Debug|Any CPU
		{F454A420-A37E-4F26-9C29-341C1676AAC7}.Debug|Any CPU.Build.0 = Debug|Any CPU
		{F454A420-A37E-4F26-9C29-341C1676AAC7}.Release|Any CPU.ActiveCfg = Release|Any CPU
		{F454A420-A37E-4F26-9C29-341C1676AAC7}.Release|Any CPU.Build.0 = Release|Any CPU
		{FA73CFDA-0799-4B4B-BA2A-B234BC6416B2}.Debug|Any CPU.ActiveCfg = Debug|Any CPU
		{FA73CFDA-0799-4B4B-BA2A-B234BC6416B2}.Debug|Any CPU.Build.0 = Debug|Any CPU
		{FA73CFDA-0799-4B4B-BA2A-B234BC6416B2}.Release|Any CPU.ActiveCfg = Release|Any CPU
		{FA73CFDA-0799-4B4B-BA2A-B234BC6416B2}.Release|Any CPU.Build.0 = Release|Any CPU
		{BAB19ED1-BFD2-4719-81B5-E7B951B9009A}.Debug|Any CPU.ActiveCfg = Debug|Any CPU
		{BAB19ED1-BFD2-4719-81B5-E7B951B9009A}.Debug|Any CPU.Build.0 = Debug|Any CPU
		{BAB19ED1-BFD2-4719-81B5-E7B951B9009A}.Release|Any CPU.ActiveCfg = Release|Any CPU
		{BAB19ED1-BFD2-4719-81B5-E7B951B9009A}.Release|Any CPU.Build.0 = Release|Any CPU
	EndGlobalSection
	GlobalSection(SolutionProperties) = preSolution
		HideSolutionNode = FALSE
	EndGlobalSection
	GlobalSection(NestedProjects) = preSolution
		{C843BCED-1D03-483D-B0ED-AF587AEC2DF0} = {EDF10E31-E23A-4337-A14F-780EF7542E1D}
		{B6540DA6-8039-4C74-8F81-ECD940FA215B} = {D1F3E880-791C-4297-BB15-AC31646BD583}
		{8251508D-6292-482E-B7B5-A3110B84E569} = {D1F3E880-791C-4297-BB15-AC31646BD583}
		{8265E88A-91EF-4854-A4EB-E41D69E8230D} = {D1F3E880-791C-4297-BB15-AC31646BD583}
		{4161E523-8891-4361-9A95-FD0320E7D961} = {93D9383A-186F-4A3C-9B65-141E3C423445}
		{9E85CD19-3948-4FF5-80CC-0FF0E6E0D731} = {93D9383A-186F-4A3C-9B65-141E3C423445}
		{174FE7E9-8BC9-4D63-A607-998D1540A5CE} = {93D9383A-186F-4A3C-9B65-141E3C423445}
		{2FB341A3-DA3B-443B-8DF4-A5575ABA678C} = {93D9383A-186F-4A3C-9B65-141E3C423445}
		{11BD4260-CA4C-44BC-AF44-D58D8817EDE6} = {B8D055B3-27E1-4222-9148-C8C9AA3DFD42}
		{29823DE1-ADED-41DE-B44B-E3EACB857769} = {B8D055B3-27E1-4222-9148-C8C9AA3DFD42}
		{7D15A0A9-976B-4F8A-850D-58DB6AFD0B2F} = {B8D055B3-27E1-4222-9148-C8C9AA3DFD42}
		{F454A420-A37E-4F26-9C29-341C1676AAC7} = {732BC62E-4CD4-4827-B875-7621782AEBC5}
		{FA73CFDA-0799-4B4B-BA2A-B234BC6416B2} = {5D8DE9E1-628D-4A6B-8640-31CB66804165}
		{BAB19ED1-BFD2-4719-81B5-E7B951B9009A} = {DE934228-9417-4C28-BB04-8C5F5453031D}
	EndGlobalSection
	GlobalSection(ExtensibilityGlobals) = postSolution
		SolutionGuid = {26D80A76-36EC-4A8A-984D-48A9294F8999}
	EndGlobalSection
EndGlobal
